
Microsoft Visual Studio Solution File, Format Version 12.00
# Visual Studio Version 17
VisualStudioVersion = 17.6.33815.320
MinimumVisualStudioVersion = 10.0.40219.1
Project("{9A19103F-16F7-4668-BE54-9A1E7A4F7556}") = "FP.Patterns.Iterator", "FP.Patterns.Iterator.csproj", "{19F1BCC1-F9AC-4463-9D8E-FC917721D75B}"
EndProject
Project("{FAE04EC0-301F-11D3-BF4B-00C04F79EFBC}") = "FP.Patterns.Iterator.Exercice1", "..\FP.Patterns.Iterator.Exercice1\FP.Patterns.Iterator.Exercice1.csproj", "{324A0FAE-A250-4F80-85F7-06BC1BE55429}"
EndProject
Global
	GlobalSection(SolutionConfigurationPlatforms) = preSolution
		Debug|Any CPU = Debug|Any CPU
		Release|Any CPU = Release|Any CPU
	EndGlobalSection
	GlobalSection(ProjectConfigurationPlatforms) = postSolution
		{19F1BCC1-F9AC-4463-9D8E-FC917721D75B}.Debug|Any CPU.ActiveCfg = Debug|Any CPU
		{19F1BCC1-F9AC-4463-9D8E-FC917721D75B}.Debug|Any CPU.Build.0 = Debug|Any CPU
		{19F1BCC1-F9AC-4463-9D8E-FC917721D75B}.Release|Any CPU.ActiveCfg = Release|Any CPU
		{19F1BCC1-F9AC-4463-9D8E-FC917721D75B}.Release|Any CPU.Build.0 = Release|Any CPU
		{324A0FAE-A250-4F80-85F7-06BC1BE55429}.Debug|Any CPU.ActiveCfg = Debug|Any CPU
		{324A0FAE-A250-4F80-85F7-06BC1BE55429}.Debug|Any CPU.Build.0 = Debug|Any CPU
		{324A0FAE-A250-4F80-85F7-06BC1BE55429}.Release|Any CPU.ActiveCfg = Release|Any CPU
		{324A0FAE-A250-4F80-85F7-06BC1BE55429}.Release|Any CPU.Build.0 = Release|Any CPU
	EndGlobalSection
	GlobalSection(SolutionProperties) = preSolution
		HideSolutionNode = FALSE
	EndGlobalSection
	GlobalSection(ExtensibilityGlobals) = postSolution
		SolutionGuid = {6D2365E4-9E2A-4C85-8107-FB428CC50B5B}
	EndGlobalSection
EndGlobal
